
Microsoft Visual Studio Solution File, Format Version 12.00
# Visual Studio Version 16
VisualStudioVersion = 16.0.29411.108
MinimumVisualStudioVersion = 10.0.40219.1
Project("{FAE04EC0-301F-11D3-BF4B-00C04F79EFBC}") = "Top10Words", "Top10Words\Top10Words.csproj", "{572904A0-12F9-485F-830A-700F361D9113}"
EndProject
Project("{FAE04EC0-301F-11D3-BF4B-00C04F79EFBC}") = "WordFilter", "WordFilter\WordFilter.csproj", "{44F8FE9D-298E-4644-BB0B-8509052564BA}"
EndProject
Project("{FAE04EC0-301F-11D3-BF4B-00C04F79EFBC}") = "TryIt", "TryIt\TryIt.csproj", "{B6EB57C4-1199-4E32-B995-8D31101E4B7D}"
	ProjectSection(ProjectDependencies) = postProject
		{44F8FE9D-298E-4644-BB0B-8509052564BA} = {44F8FE9D-298E-4644-BB0B-8509052564BA}
		{572904A0-12F9-485F-830A-700F361D9113} = {572904A0-12F9-485F-830A-700F361D9113}
	EndProjectSection
EndProject
Project("{2150E333-8FDC-42A3-9474-1A3956D46DE8}") = "Nate", "Nate", "{8A1D40AF-8B4A-4184-8072-5501D8969409}"
EndProject
Project("{2150E333-8FDC-42A3-9474-1A3956D46DE8}") = "Kollen", "Kollen", "{16919CDF-1C83-4953-880C-B5F7253169A1}"
EndProject
Project("{FAE04EC0-301F-11D3-BF4B-00C04F79EFBC}") = "Assignment5", "..\Assignment5\Assignment5\Assignment5.csproj", "{219BB987-27DA-47C7-A36F-A29BEA34D5D2}"
EndProject
Global
	GlobalSection(SolutionConfigurationPlatforms) = preSolution
		Debug|Any CPU = Debug|Any CPU
		Release|Any CPU = Release|Any CPU
	EndGlobalSection
	GlobalSection(ProjectConfigurationPlatforms) = postSolution
		{572904A0-12F9-485F-830A-700F361D9113}.Debug|Any CPU.ActiveCfg = Debug|Any CPU
		{572904A0-12F9-485F-830A-700F361D9113}.Debug|Any CPU.Build.0 = Debug|Any CPU
		{572904A0-12F9-485F-830A-700F361D9113}.Release|Any CPU.ActiveCfg = Release|Any CPU
		{572904A0-12F9-485F-830A-700F361D9113}.Release|Any CPU.Build.0 = Release|Any CPU
		{44F8FE9D-298E-4644-BB0B-8509052564BA}.Debug|Any CPU.ActiveCfg = Debug|Any CPU
		{44F8FE9D-298E-4644-BB0B-8509052564BA}.Debug|Any CPU.Build.0 = Debug|Any CPU
		{44F8FE9D-298E-4644-BB0B-8509052564BA}.Release|Any CPU.ActiveCfg = Release|Any CPU
		{44F8FE9D-298E-4644-BB0B-8509052564BA}.Release|Any CPU.Build.0 = Release|Any CPU
		{B6EB57C4-1199-4E32-B995-8D31101E4B7D}.Debug|Any CPU.ActiveCfg = Debug|Any CPU
		{B6EB57C4-1199-4E32-B995-8D31101E4B7D}.Debug|Any CPU.Build.0 = Debug|Any CPU
		{B6EB57C4-1199-4E32-B995-8D31101E4B7D}.Release|Any CPU.ActiveCfg = Release|Any CPU
		{B6EB57C4-1199-4E32-B995-8D31101E4B7D}.Release|Any CPU.Build.0 = Release|Any CPU
		{219BB987-27DA-47C7-A36F-A29BEA34D5D2}.Debug|Any CPU.ActiveCfg = Debug|Any CPU
		{219BB987-27DA-47C7-A36F-A29BEA34D5D2}.Debug|Any CPU.Build.0 = Debug|Any CPU
		{219BB987-27DA-47C7-A36F-A29BEA34D5D2}.Release|Any CPU.ActiveCfg = Release|Any CPU
		{219BB987-27DA-47C7-A36F-A29BEA34D5D2}.Release|Any CPU.Build.0 = Release|Any CPU
	EndGlobalSection
	GlobalSection(SolutionProperties) = preSolution
		HideSolutionNode = FALSE
	EndGlobalSection
	GlobalSection(NestedProjects) = preSolution
		{572904A0-12F9-485F-830A-700F361D9113} = {8A1D40AF-8B4A-4184-8072-5501D8969409}
		{44F8FE9D-298E-4644-BB0B-8509052564BA} = {8A1D40AF-8B4A-4184-8072-5501D8969409}
		{B6EB57C4-1199-4E32-B995-8D31101E4B7D} = {8A1D40AF-8B4A-4184-8072-5501D8969409}
		{219BB987-27DA-47C7-A36F-A29BEA34D5D2} = {16919CDF-1C83-4953-880C-B5F7253169A1}
	EndGlobalSection
	GlobalSection(ExtensibilityGlobals) = postSolution
		SolutionGuid = {B15FD200-02BF-4C98-837F-E367F8ED9D30}
	EndGlobalSection
EndGlobal
